# This file was autogenerated by Stack.
# You should not edit this file by hand.
# For more information, please see the documentation at:
#   https://docs.haskellstack.org/en/stable/lock_files

packages:
- completed:
    hackage: indexed-profunctors-0.1@sha256:ddf618d0d4c58319c1e735e746bc69a1021f13b6f475dc9614b80af03432e6d4,1016
    pantry-tree:
      size: 235
      sha256: cfd66c0a53be1b45eae72df112ea1158614458bb7b1c9cbbe3410b04ab011ec6
  original:
    hackage: indexed-profunctors-0.1@sha256:ddf618d0d4c58319c1e735e746bc69a1021f13b6f475dc9614b80af03432e6d4,1016
- completed:
    hackage: indexed-traversable-0.1.1@sha256:e330ec1ab336ee2fb1eff117ebe3480d1663396fecd981f185b7123dc7941ae1,2469
    pantry-tree:
      size: 495
      sha256: 52d8bab517f47381ad864f636c89c5d23bc862c28d7bd826f930975c3c37a228
  original:
    hackage: indexed-traversable-0.1.1@sha256:e330ec1ab336ee2fb1eff117ebe3480d1663396fecd981f185b7123dc7941ae1,2469
- completed:
    hackage: th-abstraction-0.4.2.0@sha256:2c754cd15370f8c59c8e6c37d44428a78d0b4afc94e13b3958a1a50cd16f6e84,2124
    pantry-tree:
      size: 670
      sha256: 4d7de058f3dd57de2a89ea92e812c37ab5418d2fbac620db8c815e7eb4d856ac
  original:
    hackage: th-abstraction-0.4.2.0@sha256:2c754cd15370f8c59c8e6c37d44428a78d0b4afc94e13b3958a1a50cd16f6e84,2124
- completed:
    hackage: optics-core-0.4@sha256:59e04aebca536bd011ae50c781937f45af4c1456af1eb9fb578f9a69eee293cd,4995
    pantry-tree:
      size: 5315
      sha256: 0b8b5824efec35faede5a4c5d7c6f47c6b4708885942f7a7f73c892a5c3c5738
  original:
    hackage: optics-core-0.4@sha256:59e04aebca536bd011ae50c781937f45af4c1456af1eb9fb578f9a69eee293cd,4995
- completed:
    hackage: optics-th-0.4@sha256:7c838b5b1d6998133bf8f0641c36197ed6cb468dc69515e1952f33f0bbe8e11d,2009
    pantry-tree:
      size: 741
      sha256: 41e77d095f528791a181589af631373d2a2fa63ab43564462cd2ce2a185ec3a8
  original:
    hackage: optics-th-0.4@sha256:7c838b5b1d6998133bf8f0641c36197ed6cb468dc69515e1952f33f0bbe8e11d,2009
snapshots: []
